
Microsoft Visual Studio Solution File, Format Version 12.00
# Visual Studio 15
VisualStudioVersion = 15.0.28010.2026
MinimumVisualStudioVersion = 10.0.40219.1
Project("{FAE04EC0-301F-11D3-BF4B-00C04F79EFBC}") = "WebApplication1", "WebApplication1\WebApplication1.csproj", "{CA5A66C3-17FB-4EA1-88A1-DB654112FF1C}"
EndProject
Global
	GlobalSection(SolutionConfigurationPlatforms) = preSolution
		Debug|Any CPU = Debug|Any CPU
		Release|Any CPU = Release|Any CPU
	EndGlobalSection
	GlobalSection(ProjectConfigurationPlatforms) = postSolution
		{CA5A66C3-17FB-4EA1-88A1-DB654112FF1C}.Debug|Any CPU.ActiveCfg = Debug|Any CPU
		{CA5A66C3-17FB-4EA1-88A1-DB654112FF1C}.Debug|Any CPU.Build.0 = Debug|Any CPU
		{CA5A66C3-17FB-4EA1-88A1-DB654112FF1C}.Release|Any CPU.ActiveCfg = Release|Any CPU
		{CA5A66C3-17FB-4EA1-88A1-DB654112FF1C}.Release|Any CPU.Build.0 = Release|Any CPU
	EndGlobalSection
	GlobalSection(SolutionProperties) = preSolution
		HideSolutionNode = FALSE
	EndGlobalSection
	GlobalSection(ExtensibilityGlobals) = postSolution
		SolutionGuid = {B7F8C54A-4C23-486F-899F-2DC41ABF5B13}
	EndGlobalSection
EndGlobal
