{
  "name": "frame",
  "version": "1.0.0",
  "lockfileVersion": 1,
  "requires": true,
  "dependencies": {
    "react-image-crop": {
      "version": "4.0.1",
      "resolved": "https://registry.npmjs.org/react-image-crop/-/react-image-crop-4.0.1.tgz",
      "integrity": "sha512-PQhS8+Zg/Z3xAEpVWXhsooysCemRymbsWfZdeeFixmdZYt67NQfUsC0EuPf39jSM4oDeC3zCJyS7gJDCMppBAA=="
    }
  }
}
