
Microsoft Visual Studio Solution File, Format Version 12.00
# Visual Studio 15
VisualStudioVersion = 15.0.27130.2027
MinimumVisualStudioVersion = 10.0.40219.1
Project("{FAE04EC0-301F-11D3-BF4B-00C04F79EFBC}") = "Web", "Web\Web.csproj", "{9CB1F958-5213-41D1-B808-7709FB08C3AD}"
EndProject
Global
	GlobalSection(SolutionConfigurationPlatforms) = preSolution
		Debug|Any CPU = Debug|Any CPU
		Release|Any CPU = Release|Any CPU
	EndGlobalSection
	GlobalSection(ProjectConfigurationPlatforms) = postSolution
		{9CB1F958-5213-41D1-B808-7709FB08C3AD}.Debug|Any CPU.ActiveCfg = Debug|Any CPU
		{9CB1F958-5213-41D1-B808-7709FB08C3AD}.Debug|Any CPU.Build.0 = Debug|Any CPU
		{9CB1F958-5213-41D1-B808-7709FB08C3AD}.Release|Any CPU.ActiveCfg = Release|Any CPU
		{9CB1F958-5213-41D1-B808-7709FB08C3AD}.Release|Any CPU.Build.0 = Release|Any CPU
	EndGlobalSection
	GlobalSection(SolutionProperties) = preSolution
		HideSolutionNode = FALSE
	EndGlobalSection
	GlobalSection(ExtensibilityGlobals) = postSolution
		SolutionGuid = {47FB9276-A2FA-45A7-B3ED-6B1A83D4391D}
	EndGlobalSection
EndGlobal
